
Microsoft Visual Studio Solution File, Format Version 12.00
# Visual Studio Version 17
VisualStudioVersion = 17.2.32630.192
MinimumVisualStudioVersion = 10.0.40219.1
Project("{FAE04EC0-301F-11D3-BF4B-00C04F79EFBC}") = "recipeBookConsole", "recipeBookConsole.csproj", "{AD3D8AB0-C1F7-4F68-86FA-6C8D89A7888F}"
EndProject
Global
	GlobalSection(SolutionConfigurationPlatforms) = preSolution
		Debug|Any CPU = Debug|Any CPU
		Release|Any CPU = Release|Any CPU
	EndGlobalSection
	GlobalSection(ProjectConfigurationPlatforms) = postSolution
		{AD3D8AB0-C1F7-4F68-86FA-6C8D89A7888F}.Debug|Any CPU.ActiveCfg = Debug|Any CPU
		{AD3D8AB0-C1F7-4F68-86FA-6C8D89A7888F}.Debug|Any CPU.Build.0 = Debug|Any CPU
		{AD3D8AB0-C1F7-4F68-86FA-6C8D89A7888F}.Release|Any CPU.ActiveCfg = Release|Any CPU
		{AD3D8AB0-C1F7-4F68-86FA-6C8D89A7888F}.Release|Any CPU.Build.0 = Release|Any CPU
	EndGlobalSection
	GlobalSection(SolutionProperties) = preSolution
		HideSolutionNode = FALSE
	EndGlobalSection
	GlobalSection(ExtensibilityGlobals) = postSolution
		SolutionGuid = {05ABAC46-6B4F-4466-8D92-C1C79724451C}
	EndGlobalSection
EndGlobal
